
Microsoft Visual Studio Solution File, Format Version 12.00
# Visual Studio Version 16
VisualStudioVersion = 16.0.28407.52
MinimumVisualStudioVersion = 10.0.40219.1
Project("{FAE04EC0-301F-11D3-BF4B-00C04F79EFBC}") = "GameEngine", "Projects\GameEngine\GameEngine.csproj", "{A7E44EF9-187F-4718-8FEC-871F99BD27F9}"
EndProject
Project("{FAE04EC0-301F-11D3-BF4B-00C04F79EFBC}") = "SmartMeshLibrary", "Projects\SmartMeshLibrary\SmartMeshLibrary.csproj", "{C915C225-5E50-4347-A649-DBB83B57AEDA}"
EndProject
Project("{FAE04EC0-301F-11D3-BF4B-00C04F79EFBC}") = "AbyssCrusaders", "Projects\AbyssCrusaders\Assets\AbyssCrusaders.csproj", "{87D87572-DFB4-4662-BC81-F9FAA00C31EA}"
EndProject
Project("{FAE04EC0-301F-11D3-BF4B-00C04F79EFBC}") = "SurvivalGame", "Projects\SurvivalGame\Assets\SurvivalGame.csproj", "{25966A38-0F5B-406E-96A7-1EDFD7D716E9}"
EndProject
Global
	GlobalSection(SolutionConfigurationPlatforms) = preSolution
		Debug|x64 = Debug|x64
		Release|x64 = Release|x64
	EndGlobalSection
	GlobalSection(ProjectConfigurationPlatforms) = postSolution
		{A7E44EF9-187F-4718-8FEC-871F99BD27F9}.Debug|x64.ActiveCfg = Debug|x64
		{A7E44EF9-187F-4718-8FEC-871F99BD27F9}.Debug|x64.Build.0 = Debug|x64
		{A7E44EF9-187F-4718-8FEC-871F99BD27F9}.Release|x64.ActiveCfg = Release|x64
		{A7E44EF9-187F-4718-8FEC-871F99BD27F9}.Release|x64.Build.0 = Release|x64
		{C915C225-5E50-4347-A649-DBB83B57AEDA}.Debug|x64.ActiveCfg = Debug|x32
		{C915C225-5E50-4347-A649-DBB83B57AEDA}.Release|x64.ActiveCfg = Release|x32
		{87D87572-DFB4-4662-BC81-F9FAA00C31EA}.Debug|x64.ActiveCfg = Debug|x64
		{87D87572-DFB4-4662-BC81-F9FAA00C31EA}.Debug|x64.Build.0 = Debug|x64
		{87D87572-DFB4-4662-BC81-F9FAA00C31EA}.Release|x64.ActiveCfg = Release|x64
		{87D87572-DFB4-4662-BC81-F9FAA00C31EA}.Release|x64.Build.0 = Release|x64
		{25966A38-0F5B-406E-96A7-1EDFD7D716E9}.Debug|x64.ActiveCfg = Debug|x64
		{25966A38-0F5B-406E-96A7-1EDFD7D716E9}.Debug|x64.Build.0 = Debug|x64
		{25966A38-0F5B-406E-96A7-1EDFD7D716E9}.Release|x64.ActiveCfg = Release|x64
		{25966A38-0F5B-406E-96A7-1EDFD7D716E9}.Release|x64.Build.0 = Release|x64
	EndGlobalSection
	GlobalSection(SolutionProperties) = preSolution
		HideSolutionNode = FALSE
	EndGlobalSection
	GlobalSection(ExtensibilityGlobals) = postSolution
		SolutionGuid = {60041EAB-D697-4443-B49C-3467D1D3E214}
	EndGlobalSection
EndGlobal
